
Microsoft Visual Studio Solution File, Format Version 10.00
# Visual Studio 2008
Project("{FAE04EC0-301F-11D3-BF4B-00C04F79EFBC}") = "SQLGen.Core", "SQLGen.Core\SQLGen.Core.csproj", "{63FCDD9C-232D-4754-AB53-B88592CC62DE}"
EndProject
Project("{FAE04EC0-301F-11D3-BF4B-00C04F79EFBC}") = "SQLGen.TSQL", "SQLGen.TSQL\SQLGen.TSQL.csproj", "{1A015D0D-C05A-4FD1-8EEC-D0212A74048F}"
EndProject
Global
	GlobalSection(SubversionScc) = preSolution
		Svn-Managed = True
		Manager = AnkhSVN - Subversion Support for Visual Studio
	EndGlobalSection
	GlobalSection(SolutionConfigurationPlatforms) = preSolution
		Debug|Any CPU = Debug|Any CPU
		Release|Any CPU = Release|Any CPU
	EndGlobalSection
	GlobalSection(ProjectConfigurationPlatforms) = postSolution
		{63FCDD9C-232D-4754-AB53-B88592CC62DE}.Debug|Any CPU.ActiveCfg = Debug|Any CPU
		{63FCDD9C-232D-4754-AB53-B88592CC62DE}.Debug|Any CPU.Build.0 = Debug|Any CPU
		{63FCDD9C-232D-4754-AB53-B88592CC62DE}.Release|Any CPU.ActiveCfg = Release|Any CPU
		{63FCDD9C-232D-4754-AB53-B88592CC62DE}.Release|Any CPU.Build.0 = Release|Any CPU
		{1A015D0D-C05A-4FD1-8EEC-D0212A74048F}.Debug|Any CPU.ActiveCfg = Debug|Any CPU
		{1A015D0D-C05A-4FD1-8EEC-D0212A74048F}.Debug|Any CPU.Build.0 = Debug|Any CPU
		{1A015D0D-C05A-4FD1-8EEC-D0212A74048F}.Release|Any CPU.ActiveCfg = Release|Any CPU
		{1A015D0D-C05A-4FD1-8EEC-D0212A74048F}.Release|Any CPU.Build.0 = Release|Any CPU
	EndGlobalSection
	GlobalSection(SolutionProperties) = preSolution
		HideSolutionNode = FALSE
	EndGlobalSection
EndGlobal
